
Microsoft Visual Studio Solution File, Format Version 12.00
# Visual Studio Version 17
VisualStudioVersion = 17.14.36414.22 d17.14
MinimumVisualStudioVersion = 10.0.40219.1
Project("{FAE04EC0-301F-11D3-BF4B-00C04F79EFBC}") = "ProjetI320", "ProjetI320\ProjetI320.csproj", "{823DE9F9-1B85-43D2-8ED1-1F16B5D6A59C}"
EndProject
Global
	GlobalSection(SolutionConfigurationPlatforms) = preSolution
		Debug|Any CPU = Debug|Any CPU
		Release|Any CPU = Release|Any CPU
	EndGlobalSection
	GlobalSection(ProjectConfigurationPlatforms) = postSolution
		{823DE9F9-1B85-43D2-8ED1-1F16B5D6A59C}.Debug|Any CPU.ActiveCfg = Debug|Any CPU
		{823DE9F9-1B85-43D2-8ED1-1F16B5D6A59C}.Debug|Any CPU.Build.0 = Debug|Any CPU
		{823DE9F9-1B85-43D2-8ED1-1F16B5D6A59C}.Release|Any CPU.ActiveCfg = Release|Any CPU
		{823DE9F9-1B85-43D2-8ED1-1F16B5D6A59C}.Release|Any CPU.Build.0 = Release|Any CPU
	EndGlobalSection
	GlobalSection(SolutionProperties) = preSolution
		HideSolutionNode = FALSE
	EndGlobalSection
	GlobalSection(ExtensibilityGlobals) = postSolution
		SolutionGuid = {AEC7DE02-5E68-4002-A9A1-7FD5E2A57DC6}
	EndGlobalSection
EndGlobal
